
Microsoft Visual Studio Solution File, Format Version 12.00
# Visual Studio Version 16
VisualStudioVersion = 16.0.30011.22
MinimumVisualStudioVersion = 10.0.40219.1
Project("{FAE04EC0-301F-11D3-BF4B-00C04F79EFBC}") = "Café", "Café\Café.csproj", "{B8A15D84-AE47-43DD-9602-B5AF4F8576EA}"
EndProject
Global
	GlobalSection(SolutionConfigurationPlatforms) = preSolution
		Debug|Any CPU = Debug|Any CPU
		Release|Any CPU = Release|Any CPU
	EndGlobalSection
	GlobalSection(ProjectConfigurationPlatforms) = postSolution
		{B8A15D84-AE47-43DD-9602-B5AF4F8576EA}.Debug|Any CPU.ActiveCfg = Debug|Any CPU
		{B8A15D84-AE47-43DD-9602-B5AF4F8576EA}.Debug|Any CPU.Build.0 = Debug|Any CPU
		{B8A15D84-AE47-43DD-9602-B5AF4F8576EA}.Release|Any CPU.ActiveCfg = Release|Any CPU
		{B8A15D84-AE47-43DD-9602-B5AF4F8576EA}.Release|Any CPU.Build.0 = Release|Any CPU
	EndGlobalSection
	GlobalSection(SolutionProperties) = preSolution
		HideSolutionNode = FALSE
	EndGlobalSection
	GlobalSection(ExtensibilityGlobals) = postSolution
		SolutionGuid = {0D6D5F07-072C-4B41-B4A1-78A21AC0A7CD}
	EndGlobalSection
EndGlobal
